<?xml version="1.0" encoding="utf-8"?>
<Project ToolsVersion="4.0" xmlns="http://schemas.microsoft.com/developer/msbuild/2003">
  <ItemGroup>
    <Filter Include="Source Files">
      <UniqueIdentifier>{41b77de2-c67c-40bb-bc94-6394ea511f9c}</UniqueIdentifier>
      <Extensions>cpp;c;cxx;rc;def;r;odl;idl;hpj;bat;for;f90</Extensions>
    </Filter>
    <Filter Include="Header Files">
      <UniqueIdentifier>{6c83956e-09aa-41ee-88d4-93c6eda4d1d2}</UniqueIdentifier>
      <Extensions>h;hpp;hxx;hm;inl;fi;fd</Extensions>
    </Filter>
    <Filter Include="Resource Files">
      <UniqueIdentifier>{aee3fe1f-6374-4073-ac77-dfe71ca04196}</UniqueIdentifier>
      <Extensions>ico;cur;bmp;dlg;rc2;rct;bin;cnt;rtf;gif;jpg;jpeg;jpe</Extensions>
    </Filter>
  </ItemGroup>
  <ItemGroup>
    <ClCompile Include="bot.cpp">
      <Filter>Source Files</Filter>
    </ClCompile>
    <ClCompile Include="bot_chat.cpp">
      <Filter>Source Files</Filter>
    </ClCompile>
    <ClCompile Include="bot_client.cpp">
      <Filter>Source Files</Filter>
    </ClCompile>
    <ClCompile Include="bot_combat.cpp">
      <Filter>Source Files</Filter>
    </ClCompile>
    <ClCompile Include="bot_models.cpp">
      <Filter>Source Files</Filter>
    </ClCompile>
    <ClCompile Include="bot_navigate.cpp">
      <Filter>Source Files</Filter>
    </ClCompile>
    <ClCompile Include="bot_start.cpp">
      <Filter>Source Files</Filter>
    </ClCompile>
    <ClCompile Include="dll.cpp">
      <Filter>Source Files</Filter>
    </ClCompile>
    <ClCompile Include="engine.cpp">
      <Filter>Source Files</Filter>
    </ClCompile>
    <ClCompile Include="h_export.cpp">
      <Filter>Source Files</Filter>
    </ClCompile>
    <ClCompile Include="util.cpp">
      <Filter>Source Files</Filter>
    </ClCompile>
    <ClCompile Include="waypoint.cpp">
      <Filter>Source Files</Filter>
    </ClCompile>
  </ItemGroup>
  <ItemGroup>
    <ClInclude Include="bot.h">
      <Filter>Header Files</Filter>
    </ClInclude>
    <ClInclude Include="bot_client.h">
      <Filter>Header Files</Filter>
    </ClInclude>
    <ClInclude Include="bot_func.h">
      <Filter>Header Files</Filter>
    </ClInclude>
    <ClInclude Include="bot_weapons.h">
      <Filter>Header Files</Filter>
    </ClInclude>
    <ClInclude Include="waypoint.h">
      <Filter>Header Files</Filter>
    </ClInclude>
  </ItemGroup>
</Project>